github.com/allape/goenv v0.0.0-20241202051618-ce41afb81ebf h1:0TjoyW4DGTjGf1d+8N8tEty5FKWc79t/Vq0bA6ARrbQ=
github.com/allape/goenv v0.0.0-20241202051618-ce41afb81ebf/go.mod h1:1E4rNqENwTNc+KMYgEndLygF3F6Uk8mREGrUPu3RiqU=
github.com/allape/gogger v0.0.0-20241208090122-dda745ad2428 h1:W+RoD+ZjKjyV+46gVj+oMNO0c17g3whCXBk6843qM1E=
github.com/allape/gogger v0.0.0-20241208090122-dda745ad2428/go.mod h1:bMF4nf4lEzayulJFQqBPMcC/3BCYQUvhs8OYHB3AZpI=
github.com/robfig/cron/v3 v3.0.1 h1:WdRxkvbJztn8LMz/QEvLN5sBU+xKpSqwwUO1Pjr4qDs=
github.com/robfig/cron/v3 v3.0.1/go.mod h1:eQICP3HwyT7UooqI/z+Ov+PtYAWygg1TEWWzGIFLtro=
